<?xml version="1.0" encoding="utf-8"?>
<Project ToolsVersion="4.0" xmlns="http://schemas.microsoft.com/developer/msbuild/2003">
  <ItemGroup>
    <Filter Include="Source Files">
      <UniqueIdentifier>{4FC737F1-C7A5-4376-A066-2A32D752A2FF}</UniqueIdentifier>
      <Extensions>cpp;c;cc;cxx;def;odl;idl;hpj;bat;asm;asmx</Extensions>
    </Filter>
    <Filter Include="Header Files">
      <UniqueIdentifier>{93995380-89BD-4b04-88EB-625FBE52EBFB}</UniqueIdentifier>
      <Extensions>h;hh;hpp;hxx;hm;inl;inc;xsd</Extensions>
    </Filter>
    <Filter Include="Resource Files">
      <UniqueIdentifier>{67DA6AB6-F800-4c08-8B7A-83BB121AAD01}</UniqueIdentifier>
      <Extensions>rc;ico;cur;bmp;dlg;rc2;rct;bin;rgs;gif;jpg;jpeg;jpe;resx;tiff;tif;png;wav;mfcribbon-ms</Extensions>
    </Filter>
    <Filter Include="Header Files\WinMain">
      <UniqueIdentifier>{33a4b526-42fb-47b7-ae0c-20cec09d10b8}</UniqueIdentifier>
    </Filter>
    <Filter Include="Header Files\Graph">
      <UniqueIdentifier>{05ef9826-7be5-46bf-8e66-5dcb84179c88}</UniqueIdentifier>
    </Filter>
    <Filter Include="Source Files\WinMain">
      <UniqueIdentifier>{a3d44d52-51d2-4174-b547-ec2a0e217608}</UniqueIdentifier>
    </Filter>
    <Filter Include="Source Files\Graph">
      <UniqueIdentifier>{16376f84-69eb-4d8c-b195-30808289bbf7}</UniqueIdentifier>
    </Filter>
  </ItemGroup>
  <ItemGroup>
    <ClInclude Include="stdafx.h">
      <Filter>Header Files</Filter>
    </ClInclude>
    <ClInclude Include="targetver.h">
      <Filter>Header Files</Filter>
    </ClInclude>
    <ClInclude Include="Resource.h">
      <Filter>Header Files\WinMain</Filter>
    </ClInclude>
    <ClInclude Include="GraphVisualizer_Mono.h">
      <Filter>Header Files\WinMain</Filter>
    </ClInclude>
    <ClInclude Include="GraphPrinter.h">
      <Filter>Header Files\Graph</Filter>
    </ClInclude>
    <ClInclude Include="NodesLinker.h">
      <Filter>Header Files\Graph</Filter>
    </ClInclude>
    <ClInclude Include="Win32_Main.h">
      <Filter>Header Files\WinMain</Filter>
    </ClInclude>
    <ClInclude Include="Win32_Menus.h">
      <Filter>Header Files\WinMain</Filter>
    </ClInclude>
  </ItemGroup>
  <ItemGroup>
    <ClCompile Include="stdafx.cpp">
      <Filter>Source Files</Filter>
    </ClCompile>
    <ClCompile Include="GraphVisualizer_Mono.cpp">
      <Filter>Source Files\WinMain</Filter>
    </ClCompile>
    <ClCompile Include="GraphPrinter.cpp">
      <Filter>Source Files\Graph</Filter>
    </ClCompile>
    <ClCompile Include="NodesLinker.cpp">
      <Filter>Source Files\Graph</Filter>
    </ClCompile>
    <ClCompile Include="Win32_Main.cpp">
      <Filter>Source Files\WinMain</Filter>
    </ClCompile>
    <ClCompile Include="Win32_Menus.cpp">
      <Filter>Source Files\WinMain</Filter>
    </ClCompile>
  </ItemGroup>
  <ItemGroup>
    <ResourceCompile Include="GraphVisualizer_Mono.rc">
      <Filter>Resource Files</Filter>
    </ResourceCompile>
  </ItemGroup>
  <ItemGroup>
    <Image Include="small.ico">
      <Filter>Resource Files</Filter>
    </Image>
    <Image Include="GraphVisualizer_Mono.ico">
      <Filter>Resource Files</Filter>
    </Image>
  </ItemGroup>
</Project>